
Microsoft Visual Studio Solution File, Format Version 12.00
# Visual Studio 14
VisualStudioVersion = 14.0.25420.1
MinimumVisualStudioVersion = 10.0.40219.1
Project("{FAE04EC0-301F-11D3-BF4B-00C04F79EFBC}") = "ClinicaAPI", "ClinicaAPI\ClinicaAPI.csproj", "{D1D727CC-AD5C-41E9-B0DB-8D58F55EB31F}"
EndProject
Project("{2150E333-8FDC-42A3-9474-1A3956D46DE8}") = "01-ServiceLayer", "01-ServiceLayer", "{53340754-B796-4D18-A146-D5DB3A082185}"
EndProject
Project("{2150E333-8FDC-42A3-9474-1A3956D46DE8}") = "02-BussinessLayer", "02-BussinessLayer", "{C590FB14-3F1F-4C42-A379-D5E9BDC5CAD2}"
EndProject
Project("{2150E333-8FDC-42A3-9474-1A3956D46DE8}") = "03-DataLayer", "03-DataLayer", "{444239FB-40BE-420B-A26C-48CE3704D87B}"
EndProject
Project("{2150E333-8FDC-42A3-9474-1A3956D46DE8}") = "04-CommonLayer", "04-CommonLayer", "{BEC11611-B157-405F-8654-FB97A855FACB}"
EndProject
Project("{FAE04EC0-301F-11D3-BF4B-00C04F79EFBC}") = "ClinicaBussines", "ClinicaBussines\ClinicaBussines.csproj", "{D7B97A03-77F2-46AF-8ECE-10501BE895F7}"
EndProject
Project("{FAE04EC0-301F-11D3-BF4B-00C04F79EFBC}") = "ClinicaEntity", "ClinicaEntity\ClinicaEntity.csproj", "{AB76838D-24DF-473A-9B98-A7E8CD00A18A}"
EndProject
Project("{FAE04EC0-301F-11D3-BF4B-00C04F79EFBC}") = "ClinicaData", "ClinicaData\ClinicaData.csproj", "{63CD9E61-C2F8-46F4-8A84-CA1BD0DFB2A1}"
EndProject
Project("{FAE04EC0-301F-11D3-BF4B-00C04F79EFBC}") = "ClinicaUtil", "ClinicaUtil\ClinicaUtil.csproj", "{BACC35DB-7003-4586-A649-659257F19567}"
EndProject
Project("{FAE04EC0-301F-11D3-BF4B-00C04F79EFBC}") = "ClinicaMVC", "ClinicaMVC\ClinicaMVC.csproj", "{FEBAAB11-06FB-4765-A218-8CF3AABC0B63}"
EndProject
Global
	GlobalSection(SolutionConfigurationPlatforms) = preSolution
		Debug|Any CPU = Debug|Any CPU
		Release|Any CPU = Release|Any CPU
	EndGlobalSection
	GlobalSection(ProjectConfigurationPlatforms) = postSolution
		{D1D727CC-AD5C-41E9-B0DB-8D58F55EB31F}.Debug|Any CPU.ActiveCfg = Debug|Any CPU
		{D1D727CC-AD5C-41E9-B0DB-8D58F55EB31F}.Debug|Any CPU.Build.0 = Debug|Any CPU
		{D1D727CC-AD5C-41E9-B0DB-8D58F55EB31F}.Release|Any CPU.ActiveCfg = Release|Any CPU
		{D1D727CC-AD5C-41E9-B0DB-8D58F55EB31F}.Release|Any CPU.Build.0 = Release|Any CPU
		{D7B97A03-77F2-46AF-8ECE-10501BE895F7}.Debug|Any CPU.ActiveCfg = Debug|Any CPU
		{D7B97A03-77F2-46AF-8ECE-10501BE895F7}.Debug|Any CPU.Build.0 = Debug|Any CPU
		{D7B97A03-77F2-46AF-8ECE-10501BE895F7}.Release|Any CPU.ActiveCfg = Release|Any CPU
		{D7B97A03-77F2-46AF-8ECE-10501BE895F7}.Release|Any CPU.Build.0 = Release|Any CPU
		{AB76838D-24DF-473A-9B98-A7E8CD00A18A}.Debug|Any CPU.ActiveCfg = Debug|Any CPU
		{AB76838D-24DF-473A-9B98-A7E8CD00A18A}.Debug|Any CPU.Build.0 = Debug|Any CPU
		{AB76838D-24DF-473A-9B98-A7E8CD00A18A}.Release|Any CPU.ActiveCfg = Release|Any CPU
		{AB76838D-24DF-473A-9B98-A7E8CD00A18A}.Release|Any CPU.Build.0 = Release|Any CPU
		{63CD9E61-C2F8-46F4-8A84-CA1BD0DFB2A1}.Debug|Any CPU.ActiveCfg = Debug|Any CPU
		{63CD9E61-C2F8-46F4-8A84-CA1BD0DFB2A1}.Debug|Any CPU.Build.0 = Debug|Any CPU
		{63CD9E61-C2F8-46F4-8A84-CA1BD0DFB2A1}.Release|Any CPU.ActiveCfg = Release|Any CPU
		{63CD9E61-C2F8-46F4-8A84-CA1BD0DFB2A1}.Release|Any CPU.Build.0 = Release|Any CPU
		{BACC35DB-7003-4586-A649-659257F19567}.Debug|Any CPU.ActiveCfg = Debug|Any CPU
		{BACC35DB-7003-4586-A649-659257F19567}.Debug|Any CPU.Build.0 = Debug|Any CPU
		{BACC35DB-7003-4586-A649-659257F19567}.Release|Any CPU.ActiveCfg = Release|Any CPU
		{BACC35DB-7003-4586-A649-659257F19567}.Release|Any CPU.Build.0 = Release|Any CPU
		{FEBAAB11-06FB-4765-A218-8CF3AABC0B63}.Debug|Any CPU.ActiveCfg = Debug|Any CPU
		{FEBAAB11-06FB-4765-A218-8CF3AABC0B63}.Debug|Any CPU.Build.0 = Debug|Any CPU
		{FEBAAB11-06FB-4765-A218-8CF3AABC0B63}.Release|Any CPU.ActiveCfg = Release|Any CPU
		{FEBAAB11-06FB-4765-A218-8CF3AABC0B63}.Release|Any CPU.Build.0 = Release|Any CPU
	EndGlobalSection
	GlobalSection(SolutionProperties) = preSolution
		HideSolutionNode = FALSE
	EndGlobalSection
	GlobalSection(NestedProjects) = preSolution
		{D1D727CC-AD5C-41E9-B0DB-8D58F55EB31F} = {53340754-B796-4D18-A146-D5DB3A082185}
		{D7B97A03-77F2-46AF-8ECE-10501BE895F7} = {C590FB14-3F1F-4C42-A379-D5E9BDC5CAD2}
		{AB76838D-24DF-473A-9B98-A7E8CD00A18A} = {C590FB14-3F1F-4C42-A379-D5E9BDC5CAD2}
		{63CD9E61-C2F8-46F4-8A84-CA1BD0DFB2A1} = {444239FB-40BE-420B-A26C-48CE3704D87B}
		{BACC35DB-7003-4586-A649-659257F19567} = {BEC11611-B157-405F-8654-FB97A855FACB}
		{FEBAAB11-06FB-4765-A218-8CF3AABC0B63} = {53340754-B796-4D18-A146-D5DB3A082185}
	EndGlobalSection
	GlobalSection(ExtensibilityGlobals) = postSolution
		SolutionGuid = {A0BCCD91-CEB8-48A0-A383-D9048BAFB73F}
	EndGlobalSection
EndGlobal
